// !$*UTF8*$!
{
	archiveVersion = 1;
	classes = {
	};
	objectVersion = 46;
	objects = {

/* Begin PBXBuildFile section */
		3527BDFA1E23BAC40049B18A /* csv.swift in Sources */ = {isa = PBXBuildFile; fileRef = 3527BDF91E23BAC40049B18A /* csv.swift */; };
		3527BDFC1E23C17B0049B18A /* pokemon.ttf in Resources */ = {isa = PBXBuildFile; fileRef = 3527BDFB1E23C17B0049B18A /* pokemon.ttf */; };
		3527BE001E23C6000049B18A /* music.mp3 in Resources */ = {isa = PBXBuildFile; fileRef = 3527BDFF1E23C6000049B18A /* music.mp3 */; };
		3527BE031E23CF530049B18A /* PokemonDetailVC.swift in Sources */ = {isa = PBXBuildFile; fileRef = 3527BE021E23CF530049B18A /* PokemonDetailVC.swift */; };
		3527BE051E2934000049B18A /* Constants.swift in Sources */ = {isa = PBXBuildFile; fileRef = 3527BE041E2934000049B18A /* Constants.swift */; };
		352C06C91E23806F00FB7934 /* AppDelegate.swift in Sources */ = {isa = PBXBuildFile; fileRef = 352C06C81E23806F00FB7934 /* AppDelegate.swift */; };
		352C06CB1E23806F00FB7934 /* ViewController.swift in Sources */ = {isa = PBXBuildFile; fileRef = 352C06CA1E23806F00FB7934 /* ViewController.swift */; };
		352C06CE1E23806F00FB7934 /* Main.storyboard in Resources */ = {isa = PBXBuildFile; fileRef = 352C06CC1E23806F00FB7934 /* Main.storyboard */; };
		352C06D01E23806F00FB7934 /* Assets.xcassets in Resources */ = {isa = PBXBuildFile; fileRef = 352C06CF1E23806F00FB7934 /* Assets.xcassets */; };
		352C06D31E23806F00FB7934 /* LaunchScreen.storyboard in Resources */ = {isa = PBXBuildFile; fileRef = 352C06D11E23806F00FB7934 /* LaunchScreen.storyboard */; };
		354732E61E2396CE00E54D8B /* PokeCell.swift in Sources */ = {isa = PBXBuildFile; fileRef = 354732E51E2396CE00E54D8B /* PokeCell.swift */; };
		35974E1A1E23859700AA7031 /* pokemon.csv in Resources */ = {isa = PBXBuildFile; fileRef = 35974E191E23859700AA7031 /* pokemon.csv */; };
		35974E1D1E23866400AA7031 /* Pokemon.swift in Sources */ = {isa = PBXBuildFile; fileRef = 35974E1C1E23866400AA7031 /* Pokemon.swift */; };
		6E39A9958D67D3FBB4C7F254 /* Pods_pokedex3.framework in Frameworks */ = {isa = PBXBuildFile; fileRef = CB5F24614CED915A716FA26F /* Pods_pokedex3.framework */; };
/* End PBXBuildFile section */

/* Begin PBXFileReference section */
		3527BDF91E23BAC40049B18A /* csv.swift */ = {isa = PBXFileReference; fileEncoding = 4; lastKnownFileType = sourcecode.swift; path = csv.swift; sourceTree = "<group>"; };
		3527BDFB1E23C17B0049B18A /* pokemon.ttf */ = {isa = PBXFileReference; lastKnownFileType = file; path = pokemon.ttf; sourceTree = "<group>"; };
		3527BDFF1E23C6000049B18A /* music.mp3 */ = {isa = PBXFileReference; lastKnownFileType = audio.mp3; path = music.mp3; sourceTree = "<group>"; };
		3527BE021E23CF530049B18A /* PokemonDetailVC.swift */ = {isa = PBXFileReference; fileEncoding = 4; lastKnownFileType = sourcecode.swift; path = PokemonDetailVC.swift; sourceTree = "<group>"; };
		3527BE041E2934000049B18A /* Constants.swift */ = {isa = PBXFileReference; fileEncoding = 4; lastKnownFileType = sourcecode.swift; path = Constants.swift; sourceTree = "<group>"; };
		352C06C51E23806F00FB7934 /* pokedex3.app */ = {isa = PBXFileReference; explicitFileType = wrapper.application; includeInIndex = 0; path = pokedex3.app; sourceTree = BUILT_PRODUCTS_DIR; };
		352C06C81E23806F00FB7934 /* AppDelegate.swift */ = {isa = PBXFileReference; lastKnownFileType = sourcecode.swift; path = AppDelegate.swift; sourceTree = "<group>"; };
		352C06CA1E23806F00FB7934 /* ViewController.swift */ = {isa = PBXFileReference; lastKnownFileType = sourcecode.swift; path = ViewController.swift; sourceTree = "<group>"; };
		352C06CD1E23806F00FB7934 /* Base */ = {isa = PBXFileReference; lastKnownFileType = file.storyboard; name = Base; path = Base.lproj/Main.storyboard; sourceTree = "<group>"; };
		352C06CF1E23806F00FB7934 /* Assets.xcassets */ = {isa = PBXFileReference; lastKnownFileType = folder.assetcatalog; path = Assets.xcassets; sourceTree = "<group>"; };
		352C06D21E23806F00FB7934 /* Base */ = {isa = PBXFileReference; lastKnownFileType = file.storyboard; name = Base; path = Base.lproj/LaunchScreen.storyboard; sourceTree = "<group>"; };
		352C06D41E23806F00FB7934 /* Info.plist */ = {isa = PBXFileReference; lastKnownFileType = text.plist.xml; path = Info.plist; sourceTree = "<group>"; };
		354732E51E2396CE00E54D8B /* PokeCell.swift */ = {isa = PBXFileReference; fileEncoding = 4; lastKnownFileType = sourcecode.swift; path = PokeCell.swift; sourceTree = "<group>"; };
		35974E191E23859700AA7031 /* pokemon.csv */ = {isa = PBXFileReference; fileEncoding = 4; lastKnownFileType = text; path = pokemon.csv; sourceTree = "<group>"; };
		35974E1C1E23866400AA7031 /* Pokemon.swift */ = {isa = PBXFileReference; fileEncoding = 4; lastKnownFileType = sourcecode.swift; path = Pokemon.swift; sourceTree = "<group>"; };
		38E35862453574F0DF9A8680 /* Pods-pokedex3.debug.xcconfig */ = {isa = PBXFileReference; includeInIndex = 1; lastKnownFileType = text.xcconfig; name = "Pods-pokedex3.debug.xcconfig"; path = "Pods/Target Support Files/Pods-pokedex3/Pods-pokedex3.debug.xcconfig"; sourceTree = "<group>"; };
		656B40836B418AA1A8A1241A /* Pods-pokedex3.release.xcconfig */ = {isa = PBXFileReference; includeInIndex = 1; lastKnownFileType = text.xcconfig; name = "Pods-pokedex3.release.xcconfig"; path = "Pods/Target Support Files/Pods-pokedex3/Pods-pokedex3.release.xcconfig"; sourceTree = "<group>"; };
		CB5F24614CED915A716FA26F /* Pods_pokedex3.framework */ = {isa = PBXFileReference; explicitFileType = wrapper.framework; includeInIndex = 0; path = Pods_pokedex3.framework; sourceTree = BUILT_PRODUCTS_DIR; };
/* End PBXFileReference section */

/* Begin PBXFrameworksBuildPhase section */
		352C06C21E23806F00FB7934 /* Frameworks */ = {
			isa = PBXFrameworksBuildPhase;
			buildActionMask = 2147483647;
			files = (
				6E39A9958D67D3FBB4C7F254 /* Pods_pokedex3.framework in Frameworks */,
			);
			runOnlyForDeploymentPostprocessing = 0;
		};
/* End PBXFrameworksBuildPhase section */

/* Begin PBXGroup section */
		3527BDFD1E23C19A0049B18A /* Ressources */ = {
			isa = PBXGroup;
			children = (
				3527BDFB1E23C17B0049B18A /* pokemon.ttf */,
				35974E191E23859700AA7031 /* pokemon.csv */,
				3527BDFF1E23C6000049B18A /* music.mp3 */,
			);
			name = Ressources;
			sourceTree = "<group>";
		};
		3527BDFE1E23C1B20049B18A /* Util */ = {
			isa = PBXGroup;
			children = (
				3527BDF91E23BAC40049B18A /* csv.swift */,
				3527BE041E2934000049B18A /* Constants.swift */,
			);
			name = Util;
			sourceTree = "<group>";
		};
		352C06BC1E23806F00FB7934 = {
			isa = PBXGroup;
			children = (
				352C06C71E23806F00FB7934 /* pokedex3 */,
				352C06C61E23806F00FB7934 /* Products */,
				66559AFCD349305230FE48A4 /* Pods */,
				C2121FDF5D3A256F8336A18A /* Frameworks */,
			);
			sourceTree = "<group>";
		};
		352C06C61E23806F00FB7934 /* Products */ = {
			isa = PBXGroup;
			children = (
				352C06C51E23806F00FB7934 /* pokedex3.app */,
			);
			name = Products;
			sourceTree = "<group>";
		};
		352C06C71E23806F00FB7934 /* pokedex3 */ = {
			isa = PBXGroup;
			children = (
				35974E1B1E23865200AA7031 /* Model */,
				354732E41E2396B600E54D8B /* View */,
				354732E71E23986500E54D8B /* Controller */,
				3527BDFD1E23C19A0049B18A /* Ressources */,
				3527BDFE1E23C1B20049B18A /* Util */,
				352C06C81E23806F00FB7934 /* AppDelegate.swift */,
				352C06CC1E23806F00FB7934 /* Main.storyboard */,
				352C06CF1E23806F00FB7934 /* Assets.xcassets */,
				352C06D11E23806F00FB7934 /* LaunchScreen.storyboard */,
				352C06D41E23806F00FB7934 /* Info.plist */,
			);
			path = pokedex3;
			sourceTree = "<group>";
		};
		354732E41E2396B600E54D8B /* View */ = {
			isa = PBXGroup;
			children = (
				354732E51E2396CE00E54D8B /* PokeCell.swift */,
			);
			name = View;
			sourceTree = "<group>";
		};
		354732E71E23986500E54D8B /* Controller */ = {
			isa = PBXGroup;
			children = (
				352C06CA1E23806F00FB7934 /* ViewController.swift */,
				3527BE021E23CF530049B18A /* PokemonDetailVC.swift */,
			);
			name = Controller;
			sourceTree = "<group>";
		};
		35974E1B1E23865200AA7031 /* Model */ = {
			isa = PBXGroup;
			children = (
				35974E1C1E23866400AA7031 /* Pokemon.swift */,
			);
			name = Model;
			sourceTree = "<group>";
		};
		66559AFCD349305230FE48A4 /* Pods */ = {
			isa = PBXGroup;
			children = (
				38E35862453574F0DF9A8680 /* Pods-pokedex3.debug.xcconfig */,
				656B40836B418AA1A8A1241A /* Pods-pokedex3.release.xcconfig */,
			);
			name = Pods;
			sourceTree = "<group>";
		};
		C2121FDF5D3A256F8336A18A /* Frameworks */ = {
			isa = PBXGroup;
			children = (
				CB5F24614CED915A716FA26F /* Pods_pokedex3.framework */,
			);
			name = Frameworks;
			sourceTree = "<group>";
		};
/* End PBXGroup section */

/* Begin PBXNativeTarget section */
		352C06C41E23806F00FB7934 /* pokedex3 */ = {
			isa = PBXNativeTarget;
			buildConfigurationList = 352C06D71E23806F00FB7934 /* Build configuration list for PBXNativeTarget "pokedex3" */;
			buildPhases = (
				CD9F551962266C8E9ED397EE /* [CP] Check Pods Manifest.lock */,
				352C06C11E23806F00FB7934 /* Sources */,
				352C06C21E23806F00FB7934 /* Frameworks */,
				352C06C31E23806F00FB7934 /* Resources */,
				48B2EBF380A56A3D9F2DCB3B /* [CP] Embed Pods Frameworks */,
				4FB0AEC3C16CD700F8279126 /* [CP] Copy Pods Resources */,
			);
			buildRules = (
			);
			dependencies = (
			);
			name = pokedex3;
			productName = pokedex3;
			productReference = 352C06C51E23806F00FB7934 /* pokedex3.app */;
			productType = "com.apple.product-type.application";
		};
/* End PBXNativeTarget section */

/* Begin PBXProject section */
		352C06BD1E23806F00FB7934 /* Project object */ = {
			isa = PBXProject;
			attributes = {
				LastSwiftUpdateCheck = 0820;
				LastUpgradeCheck = 0820;
				ORGANIZATIONNAME = "Martin Weyhe Christiansen";
				TargetAttributes = {
					352C06C41E23806F00FB7934 = {
						CreatedOnToolsVersion = 8.2.1;
						DevelopmentTeam = 94V86FDS95;
						LastSwiftMigration = 0820;
						ProvisioningStyle = Automatic;
					};
				};
			};
			buildConfigurationList = 352C06C01E23806F00FB7934 /* Build configuration list for PBXProject "pokedex3" */;
			compatibilityVersion = "Xcode 3.2";
			developmentRegion = English;
			hasScannedForEncodings = 0;
			knownRegions = (
				en,
				Base,
			);
			mainGroup = 352C06BC1E23806F00FB7934;
			productRefGroup = 352C06C61E23806F00FB7934 /* Products */;
			projectDirPath = "";
			projectRoot = "";
			targets = (
				352C06C41E23806F00FB7934 /* pokedex3 */,
			);
		};
/* End PBXProject section */

/* Begin PBXResourcesBuildPhase section */
		352C06C31E23806F00FB7934 /* Resources */ = {
			isa = PBXResourcesBuildPhase;
			buildActionMask = 2147483647;
			files = (
				3527BDFC1E23C17B0049B18A /* pokemon.ttf in Resources */,
				352C06D31E23806F00FB7934 /* LaunchScreen.storyboard in Resources */,
				3527BE001E23C6000049B18A /* music.mp3 in Resources */,
				352C06D01E23806F00FB7934 /* Assets.xcassets in Resources */,
				35974E1A1E23859700AA7031 /* pokemon.csv in Resources */,
				352C06CE1E23806F00FB7934 /* Main.storyboard in Resources */,
			);
			runOnlyForDeploymentPostprocessing = 0;
		};
/* End PBXResourcesBuildPhase section */

/* Begin PBXShellScriptBuildPhase section */
		48B2EBF380A56A3D9F2DCB3B /* [CP] Embed Pods Frameworks */ = {
			isa = PBXShellScriptBuildPhase;
			buildActionMask = 2147483647;
			files = (
			);
			inputPaths = (
			);
			name = "[CP] Embed Pods Frameworks";
			outputPaths = (
			);
			runOnlyForDeploymentPostprocessing = 0;
			shellPath = /bin/sh;
			shellScript = "\"${SRCROOT}/Pods/Target Support Files/Pods-pokedex3/Pods-pokedex3-frameworks.sh\"\n";
			showEnvVarsInLog = 0;
		};
		4FB0AEC3C16CD700F8279126 /* [CP] Copy Pods Resources */ = {
			isa = PBXShellScriptBuildPhase;
			buildActionMask = 2147483647;
			files = (
			);
			inputPaths = (
			);
			name = "[CP] Copy Pods Resources";
			outputPaths = (
			);
			runOnlyForDeploymentPostprocessing = 0;
			shellPath = /bin/sh;
			shellScript = "\"${SRCROOT}/Pods/Target Support Files/Pods-pokedex3/Pods-pokedex3-resources.sh\"\n";
			showEnvVarsInLog = 0;
		};
		CD9F551962266C8E9ED397EE /* [CP] Check Pods Manifest.lock */ = {
			isa = PBXShellScriptBuildPhase;
			buildActionMask = 2147483647;
			files = (
			);
			inputPaths = (
			);
			name = "[CP] Check Pods Manifest.lock";
			outputPaths = (
			);
			runOnlyForDeploymentPostprocessing = 0;
			shellPath = /bin/sh;
			shellScript = "diff \"${PODS_ROOT}/../Podfile.lock\" \"${PODS_ROOT}/Manifest.lock\" > /dev/null\nif [ $? != 0 ] ; then\n    # print error to STDERR\n    echo \"error: The sandbox is not in sync with the Podfile.lock. Run 'pod install' or update your CocoaPods installation.\" >&2\n    exit 1\nfi\n";
			showEnvVarsInLog = 0;
		};
/* End PBXShellScriptBuildPhase section */

/* Begin PBXSourcesBuildPhase section */
		352C06C11E23806F00FB7934 /* Sources */ = {
			isa = PBXSourcesBuildPhase;
			buildActionMask = 2147483647;
			files = (
				354732E61E2396CE00E54D8B /* PokeCell.swift in Sources */,
				352C06CB1E23806F00FB7934 /* ViewController.swift in Sources */,
				3527BE031E23CF530049B18A /* PokemonDetailVC.swift in Sources */,
				352C06C91E23806F00FB7934 /* AppDelegate.swift in Sources */,
				3527BE051E2934000049B18A /* Constants.swift in Sources */,
				35974E1D1E23866400AA7031 /* Pokemon.swift in Sources */,
				3527BDFA1E23BAC40049B18A /* csv.swift in Sources */,
			);
			runOnlyForDeploymentPostprocessing = 0;
		};
/* End PBXSourcesBuildPhase section */

/* Begin PBXVariantGroup section */
		352C06CC1E23806F00FB7934 /* Main.storyboard */ = {
			isa = PBXVariantGroup;
			children = (
				352C06CD1E23806F00FB7934 /* Base */,
			);
			name = Main.storyboard;
			sourceTree = "<group>";
		};
		352C06D11E23806F00FB7934 /* LaunchScreen.storyboard */ = {
			isa = PBXVariantGroup;
			children = (
				352C06D21E23806F00FB7934 /* Base */,
			);
			name = LaunchScreen.storyboard;
			sourceTree = "<group>";
		};
/* End PBXVariantGroup section */

/* Begin XCBuildConfiguration section */
		352C06D51E23806F00FB7934 /* Debug */ = {
			isa = XCBuildConfiguration;
			buildSettings = {
				ALWAYS_SEARCH_USER_PATHS = NO;
				CLANG_ANALYZER_NONNULL = YES;
				CLANG_CXX_LANGUAGE_STANDARD = "gnu++0x";
				CLANG_CXX_LIBRARY = "libc++";
				CLANG_ENABLE_MODULES = YES;
				CLANG_ENABLE_OBJC_ARC = YES;
				CLANG_WARN_BOOL_CONVERSION = YES;
				CLANG_WARN_CONSTANT_CONVERSION = YES;
				CLANG_WARN_DIRECT_OBJC_ISA_USAGE = YES_ERROR;
				CLANG_WARN_DOCUMENTATION_COMMENTS = YES;
				CLANG_WARN_EMPTY_BODY = YES;
				CLANG_WARN_ENUM_CONVERSION = YES;
				CLANG_WARN_INFINITE_RECURSION = YES;
				CLANG_WARN_INT_CONVERSION = YES;
				CLANG_WARN_OBJC_ROOT_CLASS = YES_ERROR;
				CLANG_WARN_SUSPICIOUS_MOVE = YES;
				CLANG_WARN_UNREACHABLE_CODE = YES;
				CLANG_WARN__DUPLICATE_METHOD_MATCH = YES;
				"CODE_SIGN_IDENTITY[sdk=iphoneos*]" = "iPhone Developer";
				COPY_PHASE_STRIP = NO;
				DEBUG_INFORMATION_FORMAT = dwarf;
				ENABLE_STRICT_OBJC_MSGSEND = YES;
				ENABLE_TESTABILITY = YES;
				GCC_C_LANGUAGE_STANDARD = gnu99;
				GCC_DYNAMIC_NO_PIC = NO;
				GCC_NO_COMMON_BLOCKS = YES;
				GCC_OPTIMIZATION_LEVEL = 0;
				GCC_PREPROCESSOR_DEFINITIONS = (
					"DEBUG=1",
					"$(inherited)",
				);
				GCC_WARN_64_TO_32_BIT_CONVERSION = YES;
				GCC_WARN_ABOUT_RETURN_TYPE = YES_ERROR;
				GCC_WARN_UNDECLARED_SELECTOR = YES;
				GCC_WARN_UNINITIALIZED_AUTOS = YES_AGGRESSIVE;
				GCC_WARN_UNUSED_FUNCTION = YES;
				GCC_WARN_UNUSED_VARIABLE = YES;
				IPHONEOS_DEPLOYMENT_TARGET = 10.2;
				MTL_ENABLE_DEBUG_INFO = YES;
				ONLY_ACTIVE_ARCH = YES;
				SDKROOT = iphoneos;
				SWIFT_ACTIVE_COMPILATION_CONDITIONS = DEBUG;
				SWIFT_OPTIMIZATION_LEVEL = "-Onone";
			};
			name = Debug;
		};
		352C06D61E23806F00FB7934 /* Release */ = {
			isa = XCBuildConfiguration;
			buildSettings = {
				ALWAYS_SEARCH_USER_PATHS = NO;
				CLANG_ANALYZER_NONNULL = YES;
				CLANG_CXX_LANGUAGE_STANDARD = "gnu++0x";
				CLANG_CXX_LIBRARY = "libc++";
				CLANG_ENABLE_MODULES = YES;
				CLANG_ENABLE_OBJC_ARC = YES;
				CLANG_WARN_BOOL_CONVERSION = YES;
				CLANG_WARN_CONSTANT_CONVERSION = YES;
				CLANG_WARN_DIRECT_OBJC_ISA_USAGE = YES_ERROR;
				CLANG_WARN_DOCUMENTATION_COMMENTS = YES;
				CLANG_WARN_EMPTY_BODY = YES;
				CLANG_WARN_ENUM_CONVERSION = YES;
				CLANG_WARN_INFINITE_RECURSION = YES;
				CLANG_WARN_INT_CONVERSION = YES;
				CLANG_WARN_OBJC_ROOT_CLASS = YES_ERROR;
				CLANG_WARN_SUSPICIOUS_MOVE = YES;
				CLANG_WARN_UNREACHABLE_CODE = YES;
				CLANG_WARN__DUPLICATE_METHOD_MATCH = YES;
				"CODE_SIGN_IDENTITY[sdk=iphoneos*]" = "iPhone Developer";
				COPY_PHASE_STRIP = NO;
				DEBUG_INFORMATION_FORMAT = "dwarf-with-dsym";
				ENABLE_NS_ASSERTIONS = NO;
				ENABLE_STRICT_OBJC_MSGSEND = YES;
				GCC_C_LANGUAGE_STANDARD = gnu99;
				GCC_NO_COMMON_BLOCKS = YES;
				GCC_WARN_64_TO_32_BIT_CONVERSION = YES;
				GCC_WARN_ABOUT_RETURN_TYPE = YES_ERROR;
				GCC_WARN_UNDECLARED_SELECTOR = YES;
				GCC_WARN_UNINITIALIZED_AUTOS = YES_AGGRESSIVE;
				GCC_WARN_UNUSED_FUNCTION = YES;
				GCC_WARN_UNUSED_VARIABLE = YES;
				IPHONEOS_DEPLOYMENT_TARGET = 10.2;
				MTL_ENABLE_DEBUG_INFO = NO;
				SDKROOT = iphoneos;
				SWIFT_OPTIMIZATION_LEVEL = "-Owholemodule";
				VALIDATE_PRODUCT = YES;
			};
			name = Release;
		};
		352C06D81E23806F00FB7934 /* Debug */ = {
			isa = XCBuildConfiguration;
			baseConfigurationReference = 38E35862453574F0DF9A8680 /* Pods-pokedex3.debug.xcconfig */;
			buildSettings = {
				ALWAYS_EMBED_SWIFT_STANDARD_LIBRARIES = YES;
				ASSETCATALOG_COMPILER_APPICON_NAME = AppIcon;
				DEVELOPMENT_TEAM = 94V86FDS95;
				INFOPLIST_FILE = pokedex3/Info.plist;
				LD_RUNPATH_SEARCH_PATHS = "$(inherited) @executable_path/Frameworks";
				PRODUCT_BUNDLE_IDENTIFIER = com.weyhe.pokedex3;
				PRODUCT_NAME = "$(TARGET_NAME)";
				SWIFT_VERSION = 3.0;
			};
			name = Debug;
		};
		352C06D91E23806F00FB7934 /* Release */ = {
			isa = XCBuildConfiguration;
			baseConfigurationReference = 656B40836B418AA1A8A1241A /* Pods-pokedex3.release.xcconfig */;
			buildSettings = {
				ALWAYS_EMBED_SWIFT_STANDARD_LIBRARIES = YES;
				ASSETCATALOG_COMPILER_APPICON_NAME = AppIcon;
				DEVELOPMENT_TEAM = 94V86FDS95;
				INFOPLIST_FILE = pokedex3/Info.plist;
				LD_RUNPATH_SEARCH_PATHS = "$(inherited) @executable_path/Frameworks";
				PRODUCT_BUNDLE_IDENTIFIER = com.weyhe.pokedex3;
				PRODUCT_NAME = "$(TARGET_NAME)";
				SWIFT_VERSION = 3.0;
			};
			name = Release;
		};
/* End XCBuildConfiguration section */

/* Begin XCConfigurationList section */
		352C06C01E23806F00FB7934 /* Build configuration list for PBXProject "pokedex3" */ = {
			isa = XCConfigurationList;
			buildConfigurations = (
				352C06D51E23806F00FB7934 /* Debug */,
				352C06D61E23806F00FB7934 /* Release */,
			);
			defaultConfigurationIsVisible = 0;
			defaultConfigurationName = Release;
		};
		352C06D71E23806F00FB7934 /* Build configuration list for PBXNativeTarget "pokedex3" */ = {
			isa = XCConfigurationList;
			buildConfigurations = (
				352C06D81E23806F00FB7934 /* Debug */,
				352C06D91E23806F00FB7934 /* Release */,
			);
			defaultConfigurationIsVisible = 0;
			defaultConfigurationName = Release;
		};
/* End XCConfigurationList section */
	};
	rootObject = 352C06BD1E23806F00FB7934 /* Project object */;
}
